
Microsoft Visual Studio Solution File, Format Version 12.00
# Visual Studio Version 17
VisualStudioVersion = 17.5.002.0
MinimumVisualStudioVersion = 10.0.40219.1
Project("{2150E333-8FDC-42A3-9474-1A3956D46DE8}") = "prepare", "prepare", "{E3525553-D99B-485E-88E6-551774192839}"
EndProject
Project("{9A19103F-16F7-4668-BE54-9A1E7A4F7556}") = "Learning05", "prepare\Learning05\Learning05.csproj", "{F7C64B76-C087-43E0-BA27-40039141B240}"
EndProject
Project("{9A19103F-16F7-4668-BE54-9A1E7A4F7556}") = "Learning03", "prepare\Learning03\Learning03.csproj", "{C30F4409-A472-4CE4-A700-959871213327}"
EndProject
Project("{9A19103F-16F7-4668-BE54-9A1E7A4F7556}") = "Learning02", "prepare\Learning02\Learning02.csproj", "{3EE6B954-575E-43E4-B9EB-D33997A64A5F}"
EndProject
Project("{9A19103F-16F7-4668-BE54-9A1E7A4F7556}") = "Learning04", "prepare\Learning04\Learning04.csproj", "{F86A2AD6-0B54-4328-8814-05F2B441DB03}"
EndProject
Project("{2150E333-8FDC-42A3-9474-1A3956D46DE8}") = "final", "final", "{236B2AF9-B974-4935-81CF-5E50B04C1A26}"
EndProject
Project("{9A19103F-16F7-4668-BE54-9A1E7A4F7556}") = "Foundation4", "final\Foundation4\Foundation4.csproj", "{8E52E5CE-719E-45D0-A27C-72D2106BC474}"
EndProject
Project("{9A19103F-16F7-4668-BE54-9A1E7A4F7556}") = "Foundation3", "final\Foundation3\Foundation3.csproj", "{CD7F5B31-B513-479C-AF31-0575096313C5}"
EndProject
Project("{9A19103F-16F7-4668-BE54-9A1E7A4F7556}") = "Foundation1", "final\Foundation1\Foundation1.csproj", "{D3F20242-8F4A-4784-AAA4-0D0BDA4A5557}"
EndProject
Project("{9A19103F-16F7-4668-BE54-9A1E7A4F7556}") = "FinalProject", "final\FinalProject\FinalProject.csproj", "{615080FA-6E14-4732-BEB6-7DD81DF48D96}"
EndProject
Project("{9A19103F-16F7-4668-BE54-9A1E7A4F7556}") = "Foundation2", "final\Foundation2\Foundation2.csproj", "{1C96C530-ED09-45F5-8BC7-EEE74AEDA0FF}"
EndProject
Project("{2150E333-8FDC-42A3-9474-1A3956D46DE8}") = "prove", "prove", "{029CFED3-CFA5-4CD3-90D0-39A81F1C2DE2}"
EndProject
Project("{9A19103F-16F7-4668-BE54-9A1E7A4F7556}") = "Develop02", "prove\Develop02\Develop02.csproj", "{8CBF7AF5-275C-46FA-8597-3FF2628530CF}"
EndProject
Project("{9A19103F-16F7-4668-BE54-9A1E7A4F7556}") = "Develop04", "prove\Develop04\Develop04.csproj", "{1C9D8A0D-B5E4-496C-9766-5C3C4FC6859B}"
EndProject
Project("{9A19103F-16F7-4668-BE54-9A1E7A4F7556}") = "Develop05", "prove\Develop05\Develop05.csproj", "{F0EB594F-6671-4E29-A2B7-811EC99C8BE5}"
EndProject
Project("{9A19103F-16F7-4668-BE54-9A1E7A4F7556}") = "Develop03", "prove\Develop03\Develop03.csproj", "{28971D22-7AFD-471B-B552-483FEA9E0C32}"
EndProject
Project("{2150E333-8FDC-42A3-9474-1A3956D46DE8}") = "csharp-prep", "csharp-prep", "{0DB5B585-7317-4A4E-AE87-4679BF9E5A90}"
EndProject
Project("{9A19103F-16F7-4668-BE54-9A1E7A4F7556}") = "Prep3", "csharp-prep\Prep3\Prep3.csproj", "{13926C6D-929B-4E1B-8016-D22E69E65CA4}"
EndProject
Project("{9A19103F-16F7-4668-BE54-9A1E7A4F7556}") = "Prep1", "csharp-prep\Prep1\Prep1.csproj", "{4B0525A0-46EF-4B4A-B9C2-5A835467976F}"
EndProject
Project("{9A19103F-16F7-4668-BE54-9A1E7A4F7556}") = "Prep2", "csharp-prep\Prep2\Prep2.csproj", "{1430287A-C000-4D5E-ABA8-9E7B95C5D51D}"
EndProject
Project("{9A19103F-16F7-4668-BE54-9A1E7A4F7556}") = "Prep4", "csharp-prep\Prep4\Prep4.csproj", "{027C2450-187E-41E2-B675-B7A39FAC5D47}"
EndProject
Project("{9A19103F-16F7-4668-BE54-9A1E7A4F7556}") = "Prep5", "csharp-prep\Prep5\Prep5.csproj", "{C712BC53-FC18-4943-B38E-DAE375FBA544}"
EndProject
Project("{2150E333-8FDC-42A3-9474-1A3956D46DE8}") = "sandbox", "sandbox", "{B7DFFE51-B628-4900-9439-172D35B668D8}"
EndProject
Project("{9A19103F-16F7-4668-BE54-9A1E7A4F7556}") = "Sandbox", "sandbox\Sandbox\Sandbox.csproj", "{D5AC2211-DAF7-49B5-AAAA-87A188EC9A34}"
EndProject
Global
	GlobalSection(SolutionConfigurationPlatforms) = preSolution
		Debug|Any CPU = Debug|Any CPU
		Release|Any CPU = Release|Any CPU
	EndGlobalSection
	GlobalSection(ProjectConfigurationPlatforms) = postSolution
		{F7C64B76-C087-43E0-BA27-40039141B240}.Debug|Any CPU.ActiveCfg = Debug|Any CPU
		{F7C64B76-C087-43E0-BA27-40039141B240}.Debug|Any CPU.Build.0 = Debug|Any CPU
		{F7C64B76-C087-43E0-BA27-40039141B240}.Release|Any CPU.ActiveCfg = Release|Any CPU
		{F7C64B76-C087-43E0-BA27-40039141B240}.Release|Any CPU.Build.0 = Release|Any CPU
		{C30F4409-A472-4CE4-A700-959871213327}.Debug|Any CPU.ActiveCfg = Debug|Any CPU
		{C30F4409-A472-4CE4-A700-959871213327}.Debug|Any CPU.Build.0 = Debug|Any CPU
		{C30F4409-A472-4CE4-A700-959871213327}.Release|Any CPU.ActiveCfg = Release|Any CPU
		{C30F4409-A472-4CE4-A700-959871213327}.Release|Any CPU.Build.0 = Release|Any CPU
		{3EE6B954-575E-43E4-B9EB-D33997A64A5F}.Debug|Any CPU.ActiveCfg = Debug|Any CPU
		{3EE6B954-575E-43E4-B9EB-D33997A64A5F}.Debug|Any CPU.Build.0 = Debug|Any CPU
		{3EE6B954-575E-43E4-B9EB-D33997A64A5F}.Release|Any CPU.ActiveCfg = Release|Any CPU
		{3EE6B954-575E-43E4-B9EB-D33997A64A5F}.Release|Any CPU.Build.0 = Release|Any CPU
		{F86A2AD6-0B54-4328-8814-05F2B441DB03}.Debug|Any CPU.ActiveCfg = Debug|Any CPU
		{F86A2AD6-0B54-4328-8814-05F2B441DB03}.Debug|Any CPU.Build.0 = Debug|Any CPU
		{F86A2AD6-0B54-4328-8814-05F2B441DB03}.Release|Any CPU.ActiveCfg = Release|Any CPU
		{F86A2AD6-0B54-4328-8814-05F2B441DB03}.Release|Any CPU.Build.0 = Release|Any CPU
		{8E52E5CE-719E-45D0-A27C-72D2106BC474}.Debug|Any CPU.ActiveCfg = Debug|Any CPU
		{8E52E5CE-719E-45D0-A27C-72D2106BC474}.Debug|Any CPU.Build.0 = Debug|Any CPU
		{8E52E5CE-719E-45D0-A27C-72D2106BC474}.Release|Any CPU.ActiveCfg = Release|Any CPU
		{8E52E5CE-719E-45D0-A27C-72D2106BC474}.Release|Any CPU.Build.0 = Release|Any CPU
		{CD7F5B31-B513-479C-AF31-0575096313C5}.Debug|Any CPU.ActiveCfg = Debug|Any CPU
		{CD7F5B31-B513-479C-AF31-0575096313C5}.Debug|Any CPU.Build.0 = Debug|Any CPU
		{CD7F5B31-B513-479C-AF31-0575096313C5}.Release|Any CPU.ActiveCfg = Release|Any CPU
		{CD7F5B31-B513-479C-AF31-0575096313C5}.Release|Any CPU.Build.0 = Release|Any CPU
		{D3F20242-8F4A-4784-AAA4-0D0BDA4A5557}.Debug|Any CPU.ActiveCfg = Debug|Any CPU
		{D3F20242-8F4A-4784-AAA4-0D0BDA4A5557}.Debug|Any CPU.Build.0 = Debug|Any CPU
		{D3F20242-8F4A-4784-AAA4-0D0BDA4A5557}.Release|Any CPU.ActiveCfg = Release|Any CPU
		{D3F20242-8F4A-4784-AAA4-0D0BDA4A5557}.Release|Any CPU.Build.0 = Release|Any CPU
		{615080FA-6E14-4732-BEB6-7DD81DF48D96}.Debug|Any CPU.ActiveCfg = Debug|Any CPU
		{615080FA-6E14-4732-BEB6-7DD81DF48D96}.Debug|Any CPU.Build.0 = Debug|Any CPU
		{615080FA-6E14-4732-BEB6-7DD81DF48D96}.Release|Any CPU.ActiveCfg = Release|Any CPU
		{615080FA-6E14-4732-BEB6-7DD81DF48D96}.Release|Any CPU.Build.0 = Release|Any CPU
		{1C96C530-ED09-45F5-8BC7-EEE74AEDA0FF}.Debug|Any CPU.ActiveCfg = Debug|Any CPU
		{1C96C530-ED09-45F5-8BC7-EEE74AEDA0FF}.Debug|Any CPU.Build.0 = Debug|Any CPU
		{1C96C530-ED09-45F5-8BC7-EEE74AEDA0FF}.Release|Any CPU.ActiveCfg = Release|Any CPU
		{1C96C530-ED09-45F5-8BC7-EEE74AEDA0FF}.Release|Any CPU.Build.0 = Release|Any CPU
		{8CBF7AF5-275C-46FA-8597-3FF2628530CF}.Debug|Any CPU.ActiveCfg = Debug|Any CPU
		{8CBF7AF5-275C-46FA-8597-3FF2628530CF}.Debug|Any CPU.Build.0 = Debug|Any CPU
		{8CBF7AF5-275C-46FA-8597-3FF2628530CF}.Release|Any CPU.ActiveCfg = Release|Any CPU
		{8CBF7AF5-275C-46FA-8597-3FF2628530CF}.Release|Any CPU.Build.0 = Release|Any CPU
		{1C9D8A0D-B5E4-496C-9766-5C3C4FC6859B}.Debug|Any CPU.ActiveCfg = Debug|Any CPU
		{1C9D8A0D-B5E4-496C-9766-5C3C4FC6859B}.Debug|Any CPU.Build.0 = Debug|Any CPU
		{1C9D8A0D-B5E4-496C-9766-5C3C4FC6859B}.Release|Any CPU.ActiveCfg = Release|Any CPU
		{1C9D8A0D-B5E4-496C-9766-5C3C4FC6859B}.Release|Any CPU.Build.0 = Release|Any CPU
		{F0EB594F-6671-4E29-A2B7-811EC99C8BE5}.Debug|Any CPU.ActiveCfg = Debug|Any CPU
		{F0EB594F-6671-4E29-A2B7-811EC99C8BE5}.Debug|Any CPU.Build.0 = Debug|Any CPU
		{F0EB594F-6671-4E29-A2B7-811EC99C8BE5}.Release|Any CPU.ActiveCfg = Release|Any CPU
		{F0EB594F-6671-4E29-A2B7-811EC99C8BE5}.Release|Any CPU.Build.0 = Release|Any CPU
		{28971D22-7AFD-471B-B552-483FEA9E0C32}.Debug|Any CPU.ActiveCfg = Debug|Any CPU
		{28971D22-7AFD-471B-B552-483FEA9E0C32}.Debug|Any CPU.Build.0 = Debug|Any CPU
		{28971D22-7AFD-471B-B552-483FEA9E0C32}.Release|Any CPU.ActiveCfg = Release|Any CPU
		{28971D22-7AFD-471B-B552-483FEA9E0C32}.Release|Any CPU.Build.0 = Release|Any CPU
		{13926C6D-929B-4E1B-8016-D22E69E65CA4}.Debug|Any CPU.ActiveCfg = Debug|Any CPU
		{13926C6D-929B-4E1B-8016-D22E69E65CA4}.Debug|Any CPU.Build.0 = Debug|Any CPU
		{13926C6D-929B-4E1B-8016-D22E69E65CA4}.Release|Any CPU.ActiveCfg = Release|Any CPU
		{13926C6D-929B-4E1B-8016-D22E69E65CA4}.Release|Any CPU.Build.0 = Release|Any CPU
		{4B0525A0-46EF-4B4A-B9C2-5A835467976F}.Debug|Any CPU.ActiveCfg = Debug|Any CPU
		{4B0525A0-46EF-4B4A-B9C2-5A835467976F}.Debug|Any CPU.Build.0 = Debug|Any CPU
		{4B0525A0-46EF-4B4A-B9C2-5A835467976F}.Release|Any CPU.ActiveCfg = Release|Any CPU
		{4B0525A0-46EF-4B4A-B9C2-5A835467976F}.Release|Any CPU.Build.0 = Release|Any CPU
		{1430287A-C000-4D5E-ABA8-9E7B95C5D51D}.Debug|Any CPU.ActiveCfg = Debug|Any CPU
		{1430287A-C000-4D5E-ABA8-9E7B95C5D51D}.Debug|Any CPU.Build.0 = Debug|Any CPU
		{1430287A-C000-4D5E-ABA8-9E7B95C5D51D}.Release|Any CPU.ActiveCfg = Release|Any CPU
		{1430287A-C000-4D5E-ABA8-9E7B95C5D51D}.Release|Any CPU.Build.0 = Release|Any CPU
		{027C2450-187E-41E2-B675-B7A39FAC5D47}.Debug|Any CPU.ActiveCfg = Debug|Any CPU
		{027C2450-187E-41E2-B675-B7A39FAC5D47}.Debug|Any CPU.Build.0 = Debug|Any CPU
		{027C2450-187E-41E2-B675-B7A39FAC5D47}.Release|Any CPU.ActiveCfg = Release|Any CPU
		{027C2450-187E-41E2-B675-B7A39FAC5D47}.Release|Any CPU.Build.0 = Release|Any CPU
		{C712BC53-FC18-4943-B38E-DAE375FBA544}.Debug|Any CPU.ActiveCfg = Debug|Any CPU
		{C712BC53-FC18-4943-B38E-DAE375FBA544}.Debug|Any CPU.Build.0 = Debug|Any CPU
		{C712BC53-FC18-4943-B38E-DAE375FBA544}.Release|Any CPU.ActiveCfg = Release|Any CPU
		{C712BC53-FC18-4943-B38E-DAE375FBA544}.Release|Any CPU.Build.0 = Release|Any CPU
		{D5AC2211-DAF7-49B5-AAAA-87A188EC9A34}.Debug|Any CPU.ActiveCfg = Debug|Any CPU
		{D5AC2211-DAF7-49B5-AAAA-87A188EC9A34}.Debug|Any CPU.Build.0 = Debug|Any CPU
		{D5AC2211-DAF7-49B5-AAAA-87A188EC9A34}.Release|Any CPU.ActiveCfg = Release|Any CPU
		{D5AC2211-DAF7-49B5-AAAA-87A188EC9A34}.Release|Any CPU.Build.0 = Release|Any CPU
	EndGlobalSection
	GlobalSection(SolutionProperties) = preSolution
		HideSolutionNode = FALSE
	EndGlobalSection
	GlobalSection(NestedProjects) = preSolution
		{F7C64B76-C087-43E0-BA27-40039141B240} = {E3525553-D99B-485E-88E6-551774192839}
		{C30F4409-A472-4CE4-A700-959871213327} = {E3525553-D99B-485E-88E6-551774192839}
		{3EE6B954-575E-43E4-B9EB-D33997A64A5F} = {E3525553-D99B-485E-88E6-551774192839}
		{F86A2AD6-0B54-4328-8814-05F2B441DB03} = {E3525553-D99B-485E-88E6-551774192839}
		{8E52E5CE-719E-45D0-A27C-72D2106BC474} = {236B2AF9-B974-4935-81CF-5E50B04C1A26}
		{CD7F5B31-B513-479C-AF31-0575096313C5} = {236B2AF9-B974-4935-81CF-5E50B04C1A26}
		{D3F20242-8F4A-4784-AAA4-0D0BDA4A5557} = {236B2AF9-B974-4935-81CF-5E50B04C1A26}
		{615080FA-6E14-4732-BEB6-7DD81DF48D96} = {236B2AF9-B974-4935-81CF-5E50B04C1A26}
		{1C96C530-ED09-45F5-8BC7-EEE74AEDA0FF} = {236B2AF9-B974-4935-81CF-5E50B04C1A26}
		{8CBF7AF5-275C-46FA-8597-3FF2628530CF} = {029CFED3-CFA5-4CD3-90D0-39A81F1C2DE2}
		{1C9D8A0D-B5E4-496C-9766-5C3C4FC6859B} = {029CFED3-CFA5-4CD3-90D0-39A81F1C2DE2}
		{F0EB594F-6671-4E29-A2B7-811EC99C8BE5} = {029CFED3-CFA5-4CD3-90D0-39A81F1C2DE2}
		{28971D22-7AFD-471B-B552-483FEA9E0C32} = {029CFED3-CFA5-4CD3-90D0-39A81F1C2DE2}
		{13926C6D-929B-4E1B-8016-D22E69E65CA4} = {0DB5B585-7317-4A4E-AE87-4679BF9E5A90}
		{4B0525A0-46EF-4B4A-B9C2-5A835467976F} = {0DB5B585-7317-4A4E-AE87-4679BF9E5A90}
		{1430287A-C000-4D5E-ABA8-9E7B95C5D51D} = {0DB5B585-7317-4A4E-AE87-4679BF9E5A90}
		{027C2450-187E-41E2-B675-B7A39FAC5D47} = {0DB5B585-7317-4A4E-AE87-4679BF9E5A90}
		{C712BC53-FC18-4943-B38E-DAE375FBA544} = {0DB5B585-7317-4A4E-AE87-4679BF9E5A90}
		{D5AC2211-DAF7-49B5-AAAA-87A188EC9A34} = {B7DFFE51-B628-4900-9439-172D35B668D8}
	EndGlobalSection
	GlobalSection(ExtensibilityGlobals) = postSolution
		SolutionGuid = {3B5267F7-FDD2-4FF4-AAC7-5228C0E33564}
	EndGlobalSection
EndGlobal
